// !$*UTF8*$!
{
	archiveVersion = 1;
	classes = {
	};
	objectVersion = 55;
	objects = {

/* Begin PBXBuildFile section */
		DE4A6A7227863361004E0728 /* NewTaskViewController.swift in Sources */ = {isa = PBXBuildFile; fileRef = DE4A6A7127863361004E0728 /* NewTaskViewController.swift */; };
		DE56443F278CBEDA00E93910 /* StorageManger.swift in Sources */ = {isa = PBXBuildFile; fileRef = DE56443E278CBEDA00E93910 /* StorageManger.swift */; };
		DE82FEE127832E22004C7254 /* AppDelegate.swift in Sources */ = {isa = PBXBuildFile; fileRef = DE82FEE027832E22004C7254 /* AppDelegate.swift */; };
		DE82FEE527832E22004C7254 /* TitleViewController.swift in Sources */ = {isa = PBXBuildFile; fileRef = DE82FEE427832E22004C7254 /* TitleViewController.swift */; };
		DE82FEEB27832E22004C7254 /* __13.xcdatamodeld in Sources */ = {isa = PBXBuildFile; fileRef = DE82FEE927832E22004C7254 /* __13.xcdatamodeld */; };
		DE82FEED27832E25004C7254 /* Assets.xcassets in Resources */ = {isa = PBXBuildFile; fileRef = DE82FEEC27832E25004C7254 /* Assets.xcassets */; };
		DE82FEF027832E25004C7254 /* LaunchScreen.storyboard in Resources */ = {isa = PBXBuildFile; fileRef = DE82FEEE27832E25004C7254 /* LaunchScreen.storyboard */; };
		DE83BF3B2796096A0056D4ED /* AlertController.swift in Sources */ = {isa = PBXBuildFile; fileRef = DE83BF3A2796096A0056D4ED /* AlertController.swift */; };
/* End PBXBuildFile section */

/* Begin PBXFileReference section */
		DE4A6A7127863361004E0728 /* NewTaskViewController.swift */ = {isa = PBXFileReference; lastKnownFileType = sourcecode.swift; path = NewTaskViewController.swift; sourceTree = "<group>"; };
		DE56443E278CBEDA00E93910 /* StorageManger.swift */ = {isa = PBXFileReference; lastKnownFileType = sourcecode.swift; path = StorageManger.swift; sourceTree = "<group>"; };
		DE82FEDD27832E22004C7254 /* 2.13.app */ = {isa = PBXFileReference; explicitFileType = wrapper.application; includeInIndex = 0; path = 2.13.app; sourceTree = BUILT_PRODUCTS_DIR; };
		DE82FEE027832E22004C7254 /* AppDelegate.swift */ = {isa = PBXFileReference; lastKnownFileType = sourcecode.swift; path = AppDelegate.swift; sourceTree = "<group>"; };
		DE82FEE427832E22004C7254 /* TitleViewController.swift */ = {isa = PBXFileReference; lastKnownFileType = sourcecode.swift; path = TitleViewController.swift; sourceTree = "<group>"; };
		DE82FEEA27832E22004C7254 /* __13.xcdatamodel */ = {isa = PBXFileReference; lastKnownFileType = wrapper.xcdatamodel; path = __13.xcdatamodel; sourceTree = "<group>"; };
		DE82FEEC27832E25004C7254 /* Assets.xcassets */ = {isa = PBXFileReference; lastKnownFileType = folder.assetcatalog; path = Assets.xcassets; sourceTree = "<group>"; };
		DE82FEEF27832E25004C7254 /* Base */ = {isa = PBXFileReference; lastKnownFileType = file.storyboard; name = Base; path = Base.lproj/LaunchScreen.storyboard; sourceTree = "<group>"; };
		DE82FEF127832E25004C7254 /* Info.plist */ = {isa = PBXFileReference; lastKnownFileType = text.plist.xml; path = Info.plist; sourceTree = "<group>"; };
		DE83BF3A2796096A0056D4ED /* AlertController.swift */ = {isa = PBXFileReference; lastKnownFileType = sourcecode.swift; path = AlertController.swift; sourceTree = "<group>"; };
/* End PBXFileReference section */

/* Begin PBXFrameworksBuildPhase section */
		DE82FEDA27832E22004C7254 /* Frameworks */ = {
			isa = PBXFrameworksBuildPhase;
			buildActionMask = 2147483647;
			files = (
			);
			runOnlyForDeploymentPostprocessing = 0;
		};
/* End PBXFrameworksBuildPhase section */

/* Begin PBXGroup section */
		DE82FED427832E22004C7254 = {
			isa = PBXGroup;
			children = (
				DE82FEDF27832E22004C7254 /* 2.13 */,
				DE82FEDE27832E22004C7254 /* Products */,
			);
			sourceTree = "<group>";
		};
		DE82FEDE27832E22004C7254 /* Products */ = {
			isa = PBXGroup;
			children = (
				DE82FEDD27832E22004C7254 /* 2.13.app */,
			);
			name = Products;
			sourceTree = "<group>";
		};
		DE82FEDF27832E22004C7254 /* 2.13 */ = {
			isa = PBXGroup;
			children = (
				DE56443E278CBEDA00E93910 /* StorageManger.swift */,
				DE4A6A7127863361004E0728 /* NewTaskViewController.swift */,
				DE83BF3A2796096A0056D4ED /* AlertController.swift */,
				DE82FEE027832E22004C7254 /* AppDelegate.swift */,
				DE82FEE427832E22004C7254 /* TitleViewController.swift */,
				DE82FEEC27832E25004C7254 /* Assets.xcassets */,
				DE82FEEE27832E25004C7254 /* LaunchScreen.storyboard */,
				DE82FEF127832E25004C7254 /* Info.plist */,
				DE82FEE927832E22004C7254 /* __13.xcdatamodeld */,
			);
			path = 2.13;
			sourceTree = "<group>";
		};
/* End PBXGroup section */

/* Begin PBXNativeTarget section */
		DE82FEDC27832E22004C7254 /* 2.13 */ = {
			isa = PBXNativeTarget;
			buildConfigurationList = DE82FEF427832E25004C7254 /* Build configuration list for PBXNativeTarget "2.13" */;
			buildPhases = (
				DE82FED927832E22004C7254 /* Sources */,
				DE82FEDA27832E22004C7254 /* Frameworks */,
				DE82FEDB27832E22004C7254 /* Resources */,
			);
			buildRules = (
			);
			dependencies = (
			);
			name = 2.13;
			productName = 2.13;
			productReference = DE82FEDD27832E22004C7254 /* 2.13.app */;
			productType = "com.apple.product-type.application";
		};
/* End PBXNativeTarget section */

/* Begin PBXProject section */
		DE82FED527832E22004C7254 /* Project object */ = {
			isa = PBXProject;
			attributes = {
				BuildIndependentTargetsInParallel = 1;
				LastSwiftUpdateCheck = 1300;
				LastUpgradeCheck = 1300;
				TargetAttributes = {
					DE82FEDC27832E22004C7254 = {
						CreatedOnToolsVersion = 13.0;
					};
				};
			};
			buildConfigurationList = DE82FED827832E22004C7254 /* Build configuration list for PBXProject "2.13" */;
			compatibilityVersion = "Xcode 13.0";
			developmentRegion = en;
			hasScannedForEncodings = 0;
			knownRegions = (
				en,
				Base,
			);
			mainGroup = DE82FED427832E22004C7254;
			productRefGroup = DE82FEDE27832E22004C7254 /* Products */;
			projectDirPath = "";
			projectRoot = "";
			targets = (
				DE82FEDC27832E22004C7254 /* 2.13 */,
			);
		};
/* End PBXProject section */

/* Begin PBXResourcesBuildPhase section */
		DE82FEDB27832E22004C7254 /* Resources */ = {
			isa = PBXResourcesBuildPhase;
			buildActionMask = 2147483647;
			files = (
				DE82FEF027832E25004C7254 /* LaunchScreen.storyboard in Resources */,
				DE82FEED27832E25004C7254 /* Assets.xcassets in Resources */,
			);
			runOnlyForDeploymentPostprocessing = 0;
		};
/* End PBXResourcesBuildPhase section */

/* Begin PBXSourcesBuildPhase section */
		DE82FED927832E22004C7254 /* Sources */ = {
			isa = PBXSourcesBuildPhase;
			buildActionMask = 2147483647;
			files = (
				DE82FEE527832E22004C7254 /* TitleViewController.swift in Sources */,
				DE82FEE127832E22004C7254 /* AppDelegate.swift in Sources */,
				DE4A6A7227863361004E0728 /* NewTaskViewController.swift in Sources */,
				DE56443F278CBEDA00E93910 /* StorageManger.swift in Sources */,
				DE83BF3B2796096A0056D4ED /* AlertController.swift in Sources */,
				DE82FEEB27832E22004C7254 /* __13.xcdatamodeld in Sources */,
			);
			runOnlyForDeploymentPostprocessing = 0;
		};
/* End PBXSourcesBuildPhase section */

/* Begin PBXVariantGroup section */
		DE82FEEE27832E25004C7254 /* LaunchScreen.storyboard */ = {
			isa = PBXVariantGroup;
			children = (
				DE82FEEF27832E25004C7254 /* Base */,
			);
			name = LaunchScreen.storyboard;
			sourceTree = "<group>";
		};
/* End PBXVariantGroup section */

/* Begin XCBuildConfiguration section */
		DE82FEF227832E25004C7254 /* Debug */ = {
			isa = XCBuildConfiguration;
			buildSettings = {
				ALWAYS_SEARCH_USER_PATHS = NO;
				CLANG_ANALYZER_NONNULL = YES;
				CLANG_ANALYZER_NUMBER_OBJECT_CONVERSION = YES_AGGRESSIVE;
				CLANG_CXX_LANGUAGE_STANDARD = "gnu++17";
				CLANG_CXX_LIBRARY = "libc++";
				CLANG_ENABLE_MODULES = YES;
				CLANG_ENABLE_OBJC_ARC = YES;
				CLANG_ENABLE_OBJC_WEAK = YES;
				CLANG_WARN_BLOCK_CAPTURE_AUTORELEASING = YES;
				CLANG_WARN_BOOL_CONVERSION = YES;
				CLANG_WARN_COMMA = YES;
				CLANG_WARN_CONSTANT_CONVERSION = YES;
				CLANG_WARN_DEPRECATED_OBJC_IMPLEMENTATIONS = YES;
				CLANG_WARN_DIRECT_OBJC_ISA_USAGE = YES_ERROR;
				CLANG_WARN_DOCUMENTATION_COMMENTS = YES;
				CLANG_WARN_EMPTY_BODY = YES;
				CLANG_WARN_ENUM_CONVERSION = YES;
				CLANG_WARN_INFINITE_RECURSION = YES;
				CLANG_WARN_INT_CONVERSION = YES;
				CLANG_WARN_NON_LITERAL_NULL_CONVERSION = YES;
				CLANG_WARN_OBJC_IMPLICIT_RETAIN_SELF = YES;
				CLANG_WARN_OBJC_LITERAL_CONVERSION = YES;
				CLANG_WARN_OBJC_ROOT_CLASS = YES_ERROR;
				CLANG_WARN_QUOTED_INCLUDE_IN_FRAMEWORK_HEADER = YES;
				CLANG_WARN_RANGE_LOOP_ANALYSIS = YES;
				CLANG_WARN_STRICT_PROTOTYPES = YES;
				CLANG_WARN_SUSPICIOUS_MOVE = YES;
				CLANG_WARN_UNGUARDED_AVAILABILITY = YES_AGGRESSIVE;
				CLANG_WARN_UNREACHABLE_CODE = YES;
				CLANG_WARN__DUPLICATE_METHOD_MATCH = YES;
				COPY_PHASE_STRIP = NO;
				DEBUG_INFORMATION_FORMAT = dwarf;
				ENABLE_STRICT_OBJC_MSGSEND = YES;
				ENABLE_TESTABILITY = YES;
				GCC_C_LANGUAGE_STANDARD = gnu11;
				GCC_DYNAMIC_NO_PIC = NO;
				GCC_NO_COMMON_BLOCKS = YES;
				GCC_OPTIMIZATION_LEVEL = 0;
				GCC_PREPROCESSOR_DEFINITIONS = (
					"DEBUG=1",
					"$(inherited)",
				);
				GCC_WARN_64_TO_32_BIT_CONVERSION = YES;
				GCC_WARN_ABOUT_RETURN_TYPE = YES_ERROR;
				GCC_WARN_UNDECLARED_SELECTOR = YES;
				GCC_WARN_UNINITIALIZED_AUTOS = YES_AGGRESSIVE;
				GCC_WARN_UNUSED_FUNCTION = YES;
				GCC_WARN_UNUSED_VARIABLE = YES;
				IPHONEOS_DEPLOYMENT_TARGET = 15.0;
				MTL_ENABLE_DEBUG_INFO = INCLUDE_SOURCE;
				MTL_FAST_MATH = YES;
				ONLY_ACTIVE_ARCH = YES;
				SDKROOT = iphoneos;
				SWIFT_ACTIVE_COMPILATION_CONDITIONS = DEBUG;
				SWIFT_OPTIMIZATION_LEVEL = "-Onone";
			};
			name = Debug;
		};
		DE82FEF327832E25004C7254 /* Release */ = {
			isa = XCBuildConfiguration;
			buildSettings = {
				ALWAYS_SEARCH_USER_PATHS = NO;
				CLANG_ANALYZER_NONNULL = YES;
				CLANG_ANALYZER_NUMBER_OBJECT_CONVERSION = YES_AGGRESSIVE;
				CLANG_CXX_LANGUAGE_STANDARD = "gnu++17";
				CLANG_CXX_LIBRARY = "libc++";
				CLANG_ENABLE_MODULES = YES;
				CLANG_ENABLE_OBJC_ARC = YES;
				CLANG_ENABLE_OBJC_WEAK = YES;
				CLANG_WARN_BLOCK_CAPTURE_AUTORELEASING = YES;
				CLANG_WARN_BOOL_CONVERSION = YES;
				CLANG_WARN_COMMA = YES;
				CLANG_WARN_CONSTANT_CONVERSION = YES;
				CLANG_WARN_DEPRECATED_OBJC_IMPLEMENTATIONS = YES;
				CLANG_WARN_DIRECT_OBJC_ISA_USAGE = YES_ERROR;
				CLANG_WARN_DOCUMENTATION_COMMENTS = YES;
				CLANG_WARN_EMPTY_BODY = YES;
				CLANG_WARN_ENUM_CONVERSION = YES;
				CLANG_WARN_INFINITE_RECURSION = YES;
				CLANG_WARN_INT_CONVERSION = YES;
				CLANG_WARN_NON_LITERAL_NULL_CONVERSION = YES;
				CLANG_WARN_OBJC_IMPLICIT_RETAIN_SELF = YES;
				CLANG_WARN_OBJC_LITERAL_CONVERSION = YES;
				CLANG_WARN_OBJC_ROOT_CLASS = YES_ERROR;
				CLANG_WARN_QUOTED_INCLUDE_IN_FRAMEWORK_HEADER = YES;
				CLANG_WARN_RANGE_LOOP_ANALYSIS = YES;
				CLANG_WARN_STRICT_PROTOTYPES = YES;
				CLANG_WARN_SUSPICIOUS_MOVE = YES;
				CLANG_WARN_UNGUARDED_AVAILABILITY = YES_AGGRESSIVE;
				CLANG_WARN_UNREACHABLE_CODE = YES;
				CLANG_WARN__DUPLICATE_METHOD_MATCH = YES;
				COPY_PHASE_STRIP = NO;
				DEBUG_INFORMATION_FORMAT = "dwarf-with-dsym";
				ENABLE_NS_ASSERTIONS = NO;
				ENABLE_STRICT_OBJC_MSGSEND = YES;
				GCC_C_LANGUAGE_STANDARD = gnu11;
				GCC_NO_COMMON_BLOCKS = YES;
				GCC_WARN_64_TO_32_BIT_CONVERSION = YES;
				GCC_WARN_ABOUT_RETURN_TYPE = YES_ERROR;
				GCC_WARN_UNDECLARED_SELECTOR = YES;
				GCC_WARN_UNINITIALIZED_AUTOS = YES_AGGRESSIVE;
				GCC_WARN_UNUSED_FUNCTION = YES;
				GCC_WARN_UNUSED_VARIABLE = YES;
				IPHONEOS_DEPLOYMENT_TARGET = 15.0;
				MTL_ENABLE_DEBUG_INFO = NO;
				MTL_FAST_MATH = YES;
				SDKROOT = iphoneos;
				SWIFT_COMPILATION_MODE = wholemodule;
				SWIFT_OPTIMIZATION_LEVEL = "-O";
				VALIDATE_PRODUCT = YES;
			};
			name = Release;
		};
		DE82FEF527832E25004C7254 /* Debug */ = {
			isa = XCBuildConfiguration;
			buildSettings = {
				ASSETCATALOG_COMPILER_APPICON_NAME = AppIcon;
				ASSETCATALOG_COMPILER_GLOBAL_ACCENT_COLOR_NAME = AccentColor;
				CODE_SIGN_STYLE = Automatic;
				CURRENT_PROJECT_VERSION = 1;
				DEVELOPMENT_TEAM = 8C8XRB8SJ7;
				GENERATE_INFOPLIST_FILE = YES;
				INFOPLIST_FILE = 2.13/Info.plist;
				INFOPLIST_KEY_UIApplicationSupportsIndirectInputEvents = YES;
				INFOPLIST_KEY_UILaunchStoryboardName = LaunchScreen;
				INFOPLIST_KEY_UISupportedInterfaceOrientations_iPad = "UIInterfaceOrientationPortrait UIInterfaceOrientationPortraitUpsideDown UIInterfaceOrientationLandscapeLeft UIInterfaceOrientationLandscapeRight";
				INFOPLIST_KEY_UISupportedInterfaceOrientations_iPhone = "UIInterfaceOrientationPortrait UIInterfaceOrientationLandscapeLeft UIInterfaceOrientationLandscapeRight";
				LD_RUNPATH_SEARCH_PATHS = (
					"$(inherited)",
					"@executable_path/Frameworks",
				);
				MARKETING_VERSION = 1.0;
				PRODUCT_BUNDLE_IDENTIFIER = "-.--13";
				PRODUCT_NAME = "$(TARGET_NAME)";
				SWIFT_EMIT_LOC_STRINGS = YES;
				SWIFT_VERSION = 5.0;
				TARGETED_DEVICE_FAMILY = "1,2";
			};
			name = Debug;
		};
		DE82FEF627832E25004C7254 /* Release */ = {
			isa = XCBuildConfiguration;
			buildSettings = {
				ASSETCATALOG_COMPILER_APPICON_NAME = AppIcon;
				ASSETCATALOG_COMPILER_GLOBAL_ACCENT_COLOR_NAME = AccentColor;
				CODE_SIGN_STYLE = Automatic;
				CURRENT_PROJECT_VERSION = 1;
				DEVELOPMENT_TEAM = 8C8XRB8SJ7;
				GENERATE_INFOPLIST_FILE = YES;
				INFOPLIST_FILE = 2.13/Info.plist;
				INFOPLIST_KEY_UIApplicationSupportsIndirectInputEvents = YES;
				INFOPLIST_KEY_UILaunchStoryboardName = LaunchScreen;
				INFOPLIST_KEY_UISupportedInterfaceOrientations_iPad = "UIInterfaceOrientationPortrait UIInterfaceOrientationPortraitUpsideDown UIInterfaceOrientationLandscapeLeft UIInterfaceOrientationLandscapeRight";
				INFOPLIST_KEY_UISupportedInterfaceOrientations_iPhone = "UIInterfaceOrientationPortrait UIInterfaceOrientationLandscapeLeft UIInterfaceOrientationLandscapeRight";
				LD_RUNPATH_SEARCH_PATHS = (
					"$(inherited)",
					"@executable_path/Frameworks",
				);
				MARKETING_VERSION = 1.0;
				PRODUCT_BUNDLE_IDENTIFIER = "-.--13";
				PRODUCT_NAME = "$(TARGET_NAME)";
				SWIFT_EMIT_LOC_STRINGS = YES;
				SWIFT_VERSION = 5.0;
				TARGETED_DEVICE_FAMILY = "1,2";
			};
			name = Release;
		};
/* End XCBuildConfiguration section */

/* Begin XCConfigurationList section */
		DE82FED827832E22004C7254 /* Build configuration list for PBXProject "2.13" */ = {
			isa = XCConfigurationList;
			buildConfigurations = (
				DE82FEF227832E25004C7254 /* Debug */,
				DE82FEF327832E25004C7254 /* Release */,
			);
			defaultConfigurationIsVisible = 0;
			defaultConfigurationName = Release;
		};
		DE82FEF427832E25004C7254 /* Build configuration list for PBXNativeTarget "2.13" */ = {
			isa = XCConfigurationList;
			buildConfigurations = (
				DE82FEF527832E25004C7254 /* Debug */,
				DE82FEF627832E25004C7254 /* Release */,
			);
			defaultConfigurationIsVisible = 0;
			defaultConfigurationName = Release;
		};
/* End XCConfigurationList section */

/* Begin XCVersionGroup section */
		DE82FEE927832E22004C7254 /* __13.xcdatamodeld */ = {
			isa = XCVersionGroup;
			children = (
				DE82FEEA27832E22004C7254 /* __13.xcdatamodel */,
			);
			currentVersion = DE82FEEA27832E22004C7254 /* __13.xcdatamodel */;
			path = __13.xcdatamodeld;
			sourceTree = "<group>";
			versionGroupType = wrapper.xcdatamodel;
		};
/* End XCVersionGroup section */
	};
	rootObject = DE82FED527832E22004C7254 /* Project object */;
}
